
Microsoft Visual Studio Solution File, Format Version 12.00
# Visual Studio Version 17
VisualStudioVersion = 17.9.34714.143
MinimumVisualStudioVersion = 10.0.40219.1
Project("{FAE04EC0-301F-11D3-BF4B-00C04F79EFBC}") = "FlatBackend", "FlatBackend\FlatBackend.csproj", "{16E5EF00-E6B8-44AC-9300-128A3E80FE94}"
EndProject
Global
	GlobalSection(SolutionConfigurationPlatforms) = preSolution
		Debug|Any CPU = Debug|Any CPU
		Release|Any CPU = Release|Any CPU
	EndGlobalSection
	GlobalSection(ProjectConfigurationPlatforms) = postSolution
		{16E5EF00-E6B8-44AC-9300-128A3E80FE94}.Debug|Any CPU.ActiveCfg = Debug|Any CPU
		{16E5EF00-E6B8-44AC-9300-128A3E80FE94}.Debug|Any CPU.Build.0 = Debug|Any CPU
		{16E5EF00-E6B8-44AC-9300-128A3E80FE94}.Release|Any CPU.ActiveCfg = Release|Any CPU
		{16E5EF00-E6B8-44AC-9300-128A3E80FE94}.Release|Any CPU.Build.0 = Release|Any CPU
	EndGlobalSection
	GlobalSection(SolutionProperties) = preSolution
		HideSolutionNode = FALSE
	EndGlobalSection
	GlobalSection(ExtensibilityGlobals) = postSolution
		SolutionGuid = {BB6EB0F0-BE0B-4A82-BD35-A16325A43C3A}
	EndGlobalSection
EndGlobal
